
Microsoft Visual Studio Solution File, Format Version 12.00
Project("{F2A71F9B-5D33-465A-A702-920D77279786}") = "GossipSimulator", "GossipSimulator\GossipSimulator.fsproj", "{CAD42565-45F0-44FC-A304-3AA5764E6926}"
EndProject
Global
	GlobalSection(SolutionConfigurationPlatforms) = preSolution
		Debug|Any CPU = Debug|Any CPU
		Release|Any CPU = Release|Any CPU
	EndGlobalSection
	GlobalSection(ProjectConfigurationPlatforms) = postSolution
		{CAD42565-45F0-44FC-A304-3AA5764E6926}.Debug|Any CPU.ActiveCfg = Debug|Any CPU
		{CAD42565-45F0-44FC-A304-3AA5764E6926}.Debug|Any CPU.Build.0 = Debug|Any CPU
		{CAD42565-45F0-44FC-A304-3AA5764E6926}.Release|Any CPU.ActiveCfg = Release|Any CPU
		{CAD42565-45F0-44FC-A304-3AA5764E6926}.Release|Any CPU.Build.0 = Release|Any CPU
	EndGlobalSection
EndGlobal
